// !$*UTF8*$!
{
	archiveVersion = 1;
	classes = {
	};
	objectVersion = 46;
	objects = {

/* Begin PBXBuildFile section */
		2935F8C01E213FA400559CD0 /* AppDelegate.m in Sources */ = {isa = PBXBuildFile; fileRef = 2935F8BF1E213FA400559CD0 /* AppDelegate.m */; };
		2935F8C31E213FA400559CD0 /* main.m in Sources */ = {isa = PBXBuildFile; fileRef = 2935F8C21E213FA400559CD0 /* main.m */; };
		2935F8C61E213FA400559CD0 /* ViewController.m in Sources */ = {isa = PBXBuildFile; fileRef = 2935F8C51E213FA400559CD0 /* ViewController.m */; };
		2935F8C81E213FA400559CD0 /* Assets.xcassets in Resources */ = {isa = PBXBuildFile; fileRef = 2935F8C71E213FA400559CD0 /* Assets.xcassets */; };
		2935F8CB1E213FA400559CD0 /* Main.storyboard in Resources */ = {isa = PBXBuildFile; fileRef = 2935F8C91E213FA400559CD0 /* Main.storyboard */; };
		2935F8D41E2140B300559CD0 /* RenderViewController.m in Sources */ = {isa = PBXBuildFile; fileRef = 2935F8D31E2140B300559CD0 /* RenderViewController.m */; };
		2935F8D61E21414E00559CD0 /* OpenGLRenderer.m in Sources */ = {isa = PBXBuildFile; fileRef = 2935F8D51E21414E00559CD0 /* OpenGLRenderer.m */; };
		2935F9331E21484B00559CD0 /* compute.shader in Resources */ = {isa = PBXBuildFile; fileRef = 2935F9271E21484B00559CD0 /* compute.shader */; };
		2935F9341E21484B00559CD0 /* depth.shader in Resources */ = {isa = PBXBuildFile; fileRef = 2935F9281E21484B00559CD0 /* depth.shader */; };
		2935F9351E21484B00559CD0 /* fonts in Resources */ = {isa = PBXBuildFile; fileRef = 2935F9291E21484B00559CD0 /* fonts */; };
		2935F9361E21484B00559CD0 /* fresnel_with_interference.shader in Resources */ = {isa = PBXBuildFile; fileRef = 2935F92A1E21484B00559CD0 /* fresnel_with_interference.shader */; };
		2935F9371E21484B00559CD0 /* fresnel.shader in Resources */ = {isa = PBXBuildFile; fileRef = 2935F92B1E21484B00559CD0 /* fresnel.shader */; };
		2935F9381E21484B00559CD0 /* Park2 in Resources */ = {isa = PBXBuildFile; fileRef = 2935F92C1E21484B00559CD0 /* Park2 */; };
		2935F9391E21484B00559CD0 /* shadow.shader in Resources */ = {isa = PBXBuildFile; fileRef = 2935F92D1E21484B00559CD0 /* shadow.shader */; };
		2935F93A1E21484B00559CD0 /* teapot.obj in Resources */ = {isa = PBXBuildFile; fileRef = 2935F92E1E21484B00559CD0 /* teapot.obj */; };
		2935F93B1E21484B00559CD0 /* texture_mapping.jpg in Resources */ = {isa = PBXBuildFile; fileRef = 2935F92F1E21484B00559CD0 /* texture_mapping.jpg */; };
		2935F93C1E21484B00559CD0 /* texture_visualize.shader in Resources */ = {isa = PBXBuildFile; fileRef = 2935F9301E21484B00559CD0 /* texture_visualize.shader */; };
		2935F93D1E21484B00559CD0 /* wall.bmp in Resources */ = {isa = PBXBuildFile; fileRef = 2935F9311E21484B00559CD0 /* wall.bmp */; };
		2935F93E1E21484B00559CD0 /* Yokohama3 in Resources */ = {isa = PBXBuildFile; fileRef = 2935F9321E21484B00559CD0 /* Yokohama3 */; };
/* End PBXBuildFile section */

/* Begin PBXFileReference section */
		2935F8BB1E213FA400559CD0 /* libOOGL.app */ = {isa = PBXFileReference; explicitFileType = wrapper.application; includeInIndex = 0; path = libOOGL.app; sourceTree = BUILT_PRODUCTS_DIR; };
		2935F8BE1E213FA400559CD0 /* AppDelegate.h */ = {isa = PBXFileReference; lastKnownFileType = sourcecode.c.h; path = AppDelegate.h; sourceTree = "<group>"; };
		2935F8BF1E213FA400559CD0 /* AppDelegate.m */ = {isa = PBXFileReference; lastKnownFileType = sourcecode.c.objc; path = AppDelegate.m; sourceTree = "<group>"; };
		2935F8C21E213FA400559CD0 /* main.m */ = {isa = PBXFileReference; lastKnownFileType = sourcecode.c.objc; path = main.m; sourceTree = "<group>"; };
		2935F8C41E213FA400559CD0 /* ViewController.h */ = {isa = PBXFileReference; lastKnownFileType = sourcecode.c.h; path = ViewController.h; sourceTree = "<group>"; };
		2935F8C51E213FA400559CD0 /* ViewController.m */ = {isa = PBXFileReference; lastKnownFileType = sourcecode.c.objc; path = ViewController.m; sourceTree = "<group>"; };
		2935F8C71E213FA400559CD0 /* Assets.xcassets */ = {isa = PBXFileReference; lastKnownFileType = folder.assetcatalog; path = Assets.xcassets; sourceTree = "<group>"; };
		2935F8CA1E213FA400559CD0 /* Base */ = {isa = PBXFileReference; lastKnownFileType = file.storyboard; name = Base; path = Base.lproj/Main.storyboard; sourceTree = "<group>"; };
		2935F8CC1E213FA400559CD0 /* Info.plist */ = {isa = PBXFileReference; lastKnownFileType = text.plist.xml; path = Info.plist; sourceTree = "<group>"; };
		2935F8D21E2140B300559CD0 /* RenderViewController.h */ = {isa = PBXFileReference; fileEncoding = 4; lastKnownFileType = sourcecode.c.h; path = RenderViewController.h; sourceTree = "<group>"; };
		2935F8D31E2140B300559CD0 /* RenderViewController.m */ = {isa = PBXFileReference; fileEncoding = 4; lastKnownFileType = sourcecode.c.objc; path = RenderViewController.m; sourceTree = "<group>"; };
		2935F8D51E21414E00559CD0 /* OpenGLRenderer.m */ = {isa = PBXFileReference; fileEncoding = 4; lastKnownFileType = sourcecode.c.objc; path = OpenGLRenderer.m; sourceTree = "<group>"; };
		2935F8D71E21415900559CD0 /* OpenGLRenderer.h */ = {isa = PBXFileReference; lastKnownFileType = sourcecode.c.h; path = OpenGLRenderer.h; sourceTree = "<group>"; };
		2935F8D81E21419100559CD0 /* BaseGLImports.h */ = {isa = PBXFileReference; lastKnownFileType = sourcecode.c.h; path = BaseGLImports.h; sourceTree = "<group>"; };
		2935F8F31E21480A00559CD0 /* AssetManager.h */ = {isa = PBXFileReference; fileEncoding = 4; lastKnownFileType = sourcecode.c.h; name = AssetManager.h; path = inc/AssetManager.h; sourceTree = "<group>"; };
		2935F8F41E21480A00559CD0 /* gl.h */ = {isa = PBXFileReference; fileEncoding = 4; lastKnownFileType = sourcecode.c.h; name = gl.h; path = inc/gl.h; sourceTree = "<group>"; };
		2935F8F51E21480A00559CD0 /* GLApplication.h */ = {isa = PBXFileReference; fileEncoding = 4; lastKnownFileType = sourcecode.c.h; name = GLApplication.h; path = inc/GLApplication.h; sourceTree = "<group>"; };
		2935F8F61E21480A00559CD0 /* GLAttachable.h */ = {isa = PBXFileReference; fileEncoding = 4; lastKnownFileType = sourcecode.c.h; name = GLAttachable.h; path = inc/GLAttachable.h; sourceTree = "<group>"; };
		2935F8F71E21480A00559CD0 /* GLCubemapTexture.h */ = {isa = PBXFileReference; fileEncoding = 4; lastKnownFileType = sourcecode.c.h; name = GLCubemapTexture.h; path = inc/GLCubemapTexture.h; sourceTree = "<group>"; };
		2935F8F81E21480A00559CD0 /* GLFramebuffer.h */ = {isa = PBXFileReference; fileEncoding = 4; lastKnownFileType = sourcecode.c.h; name = GLFramebuffer.h; path = inc/GLFramebuffer.h; sourceTree = "<group>"; };
		2935F8F91E21480A00559CD0 /* GLMesh.h */ = {isa = PBXFileReference; fileEncoding = 4; lastKnownFileType = sourcecode.c.h; name = GLMesh.h; path = inc/GLMesh.h; sourceTree = "<group>"; };
		2935F8FA1E21480A00559CD0 /* GLObject.h */ = {isa = PBXFileReference; fileEncoding = 4; lastKnownFileType = sourcecode.c.h; name = GLObject.h; path = inc/GLObject.h; sourceTree = "<group>"; };
		2935F8FB1E21480A00559CD0 /* GLShader.h */ = {isa = PBXFileReference; fileEncoding = 4; lastKnownFileType = sourcecode.c.h; name = GLShader.h; path = inc/GLShader.h; sourceTree = "<group>"; };
		2935F8FC1E21480A00559CD0 /* GLSkybox.h */ = {isa = PBXFileReference; fileEncoding = 4; lastKnownFileType = sourcecode.c.h; name = GLSkybox.h; path = inc/GLSkybox.h; sourceTree = "<group>"; };
		2935F8FD1E21480A00559CD0 /* GLTextRenderManager.h */ = {isa = PBXFileReference; fileEncoding = 4; lastKnownFileType = sourcecode.c.h; name = GLTextRenderManager.h; path = inc/GLTextRenderManager.h; sourceTree = "<group>"; };
		2935F8FE1E21480A00559CD0 /* GLTexture.h */ = {isa = PBXFileReference; fileEncoding = 4; lastKnownFileType = sourcecode.c.h; name = GLTexture.h; path = inc/GLTexture.h; sourceTree = "<group>"; };
		2935F8FF1E21480A00559CD0 /* ObjectiveCInterface.h */ = {isa = PBXFileReference; fileEncoding = 4; lastKnownFileType = sourcecode.c.h; name = ObjectiveCInterface.h; path = inc/ObjectiveCInterface.h; sourceTree = "<group>"; };
		2935F9001E21480A00559CD0 /* TrackBallCamera.h */ = {isa = PBXFileReference; fileEncoding = 4; lastKnownFileType = sourcecode.c.h; name = TrackBallCamera.h; path = inc/TrackBallCamera.h; sourceTree = "<group>"; };
		2935F9051E21483900559CD0 /* GLApplication.cpp */ = {isa = PBXFileReference; fileEncoding = 4; lastKnownFileType = sourcecode.cpp.cpp; name = GLApplication.cpp; path = src/GLApplication.cpp; sourceTree = "<group>"; };
		2935F9061E21483900559CD0 /* GLCubemapTexture.cpp */ = {isa = PBXFileReference; fileEncoding = 4; lastKnownFileType = sourcecode.cpp.cpp; name = GLCubemapTexture.cpp; path = src/GLCubemapTexture.cpp; sourceTree = "<group>"; };
		2935F9071E21483900559CD0 /* GLFramebuffer.cpp */ = {isa = PBXFileReference; fileEncoding = 4; lastKnownFileType = sourcecode.cpp.cpp; name = GLFramebuffer.cpp; path = src/GLFramebuffer.cpp; sourceTree = "<group>"; };
		2935F9081E21483900559CD0 /* GLMesh.cpp */ = {isa = PBXFileReference; fileEncoding = 4; lastKnownFileType = sourcecode.cpp.cpp; name = GLMesh.cpp; path = src/GLMesh.cpp; sourceTree = "<group>"; };
		2935F9091E21483900559CD0 /* GLObject.cpp */ = {isa = PBXFileReference; fileEncoding = 4; lastKnownFileType = sourcecode.cpp.cpp; name = GLObject.cpp; path = src/GLObject.cpp; sourceTree = "<group>"; };
		2935F90A1E21483900559CD0 /* GLShader.cpp */ = {isa = PBXFileReference; fileEncoding = 4; lastKnownFileType = sourcecode.cpp.cpp; name = GLShader.cpp; path = src/GLShader.cpp; sourceTree = "<group>"; };
		2935F90B1E21483900559CD0 /* GLSkybox.cpp */ = {isa = PBXFileReference; fileEncoding = 4; lastKnownFileType = sourcecode.cpp.cpp; name = GLSkybox.cpp; path = src/GLSkybox.cpp; sourceTree = "<group>"; };
		2935F90C1E21483900559CD0 /* GLTextRenderManager.cpp */ = {isa = PBXFileReference; fileEncoding = 4; lastKnownFileType = sourcecode.cpp.cpp; name = GLTextRenderManager.cpp; path = src/GLTextRenderManager.cpp; sourceTree = "<group>"; };
		2935F90D1E21483900559CD0 /* GLTexture.cpp */ = {isa = PBXFileReference; fileEncoding = 4; lastKnownFileType = sourcecode.cpp.cpp; name = GLTexture.cpp; path = src/GLTexture.cpp; sourceTree = "<group>"; };
		2935F90E1E21483900559CD0 /* MacOSX.mm */ = {isa = PBXFileReference; fileEncoding = 4; lastKnownFileType = sourcecode.cpp.objcpp; name = MacOSX.mm; path = src/MacOSX.mm; sourceTree = "<group>"; };
		2935F90F1E21483900559CD0 /* main.cpp */ = {isa = PBXFileReference; fileEncoding = 4; lastKnownFileType = sourcecode.cpp.cpp; name = main.cpp; path = src/main.cpp; sourceTree = "<group>"; };
		2935F9101E21483900559CD0 /* specrend.c */ = {isa = PBXFileReference; fileEncoding = 4; lastKnownFileType = sourcecode.c.c; name = specrend.c; path = src/specrend.c; sourceTree = "<group>"; };
		2935F9111E21483900559CD0 /* TrackBallCamera.cpp */ = {isa = PBXFileReference; fileEncoding = 4; lastKnownFileType = sourcecode.cpp.cpp; name = TrackBallCamera.cpp; path = src/TrackBallCamera.cpp; sourceTree = "<group>"; };
		2935F9121E21483900559CD0 /* Win32.cpp */ = {isa = PBXFileReference; fileEncoding = 4; lastKnownFileType = sourcecode.cpp.cpp; name = Win32.cpp; path = src/Win32.cpp; sourceTree = "<group>"; };
		2935F9211E21484100559CD0 /* AudioSpectrum.h */ = {isa = PBXFileReference; fileEncoding = 4; lastKnownFileType = sourcecode.c.h; name = AudioSpectrum.h; path = demos/AudioSpectrum.h; sourceTree = "<group>"; };
		2935F9221E21484100559CD0 /* DepthShadow.h */ = {isa = PBXFileReference; fileEncoding = 4; lastKnownFileType = sourcecode.c.h; name = DepthShadow.h; path = demos/DepthShadow.h; sourceTree = "<group>"; };
		2935F9231E21484100559CD0 /* FilmInterference.h */ = {isa = PBXFileReference; fileEncoding = 4; lastKnownFileType = sourcecode.c.h; name = FilmInterference.h; path = demos/FilmInterference.h; sourceTree = "<group>"; };
		2935F9241E21484100559CD0 /* FontDemo.h */ = {isa = PBXFileReference; fileEncoding = 4; lastKnownFileType = sourcecode.c.h; name = FontDemo.h; path = demos/FontDemo.h; sourceTree = "<group>"; };
		2935F9251E21484100559CD0 /* FresnelShading.h */ = {isa = PBXFileReference; fileEncoding = 4; lastKnownFileType = sourcecode.c.h; name = FresnelShading.h; path = demos/FresnelShading.h; sourceTree = "<group>"; };
		2935F9261E21484100559CD0 /* VSCompute.h */ = {isa = PBXFileReference; fileEncoding = 4; lastKnownFileType = sourcecode.c.h; name = VSCompute.h; path = demos/VSCompute.h; sourceTree = "<group>"; };
		2935F9271E21484B00559CD0 /* compute.shader */ = {isa = PBXFileReference; fileEncoding = 4; lastKnownFileType = text; name = compute.shader; path = assets/compute.shader; sourceTree = "<group>"; };
		2935F9281E21484B00559CD0 /* depth.shader */ = {isa = PBXFileReference; fileEncoding = 4; lastKnownFileType = text; name = depth.shader; path = assets/depth.shader; sourceTree = "<group>"; };
		2935F9291E21484B00559CD0 /* fonts */ = {isa = PBXFileReference; lastKnownFileType = folder; name = fonts; path = assets/fonts; sourceTree = "<group>"; };
		2935F92A1E21484B00559CD0 /* fresnel_with_interference.shader */ = {isa = PBXFileReference; fileEncoding = 4; lastKnownFileType = text; name = fresnel_with_interference.shader; path = assets/fresnel_with_interference.shader; sourceTree = "<group>"; };
		2935F92B1E21484B00559CD0 /* fresnel.shader */ = {isa = PBXFileReference; fileEncoding = 4; lastKnownFileType = text; name = fresnel.shader; path = assets/fresnel.shader; sourceTree = "<group>"; };
		2935F92C1E21484B00559CD0 /* Park2 */ = {isa = PBXFileReference; lastKnownFileType = folder; name = Park2; path = assets/Park2; sourceTree = "<group>"; };
		2935F92D1E21484B00559CD0 /* shadow.shader */ = {isa = PBXFileReference; fileEncoding = 4; lastKnownFileType = text; name = shadow.shader; path = assets/shadow.shader; sourceTree = "<group>"; };
		2935F92E1E21484B00559CD0 /* teapot.obj */ = {isa = PBXFileReference; fileEncoding = 4; lastKnownFileType = text; name = teapot.obj; path = assets/teapot.obj; sourceTree = "<group>"; };
		2935F92F1E21484B00559CD0 /* texture_mapping.jpg */ = {isa = PBXFileReference; lastKnownFileType = image.jpeg; name = texture_mapping.jpg; path = assets/texture_mapping.jpg; sourceTree = "<group>"; };
		2935F9301E21484B00559CD0 /* texture_visualize.shader */ = {isa = PBXFileReference; fileEncoding = 4; lastKnownFileType = text; name = texture_visualize.shader; path = assets/texture_visualize.shader; sourceTree = "<group>"; };
		2935F9311E21484B00559CD0 /* wall.bmp */ = {isa = PBXFileReference; lastKnownFileType = image.bmp; name = wall.bmp; path = assets/wall.bmp; sourceTree = "<group>"; };
		2935F9321E21484B00559CD0 /* Yokohama3 */ = {isa = PBXFileReference; lastKnownFileType = folder; name = Yokohama3; path = assets/Yokohama3; sourceTree = "<group>"; };
/* End PBXFileReference section */

/* Begin PBXFrameworksBuildPhase section */
		2935F8B81E213FA400559CD0 /* Frameworks */ = {
			isa = PBXFrameworksBuildPhase;
			buildActionMask = 2147483647;
			files = (
			);
			runOnlyForDeploymentPostprocessing = 0;
		};
/* End PBXFrameworksBuildPhase section */

/* Begin PBXGroup section */
		2935F8B21E213FA400559CD0 = {
			isa = PBXGroup;
			children = (
				2935F8BD1E213FA400559CD0 /* libOOGL_macOS */,
				2935F9021E21481F00559CD0 /* src */,
				2935F9031E21482400559CD0 /* demos */,
				2935F8E41E21479E00559CD0 /* inc */,
				2935F9041E21482800559CD0 /* assets */,
				2935F8BC1E213FA400559CD0 /* Products */,
			);
			sourceTree = "<group>";
		};
		2935F8BC1E213FA400559CD0 /* Products */ = {
			isa = PBXGroup;
			children = (
				2935F8BB1E213FA400559CD0 /* libOOGL.app */,
			);
			name = Products;
			sourceTree = "<group>";
		};
		2935F8BD1E213FA400559CD0 /* libOOGL_macOS */ = {
			isa = PBXGroup;
			children = (
				2935F8BE1E213FA400559CD0 /* AppDelegate.h */,
				2935F8BF1E213FA400559CD0 /* AppDelegate.m */,
				2935F8C41E213FA400559CD0 /* ViewController.h */,
				2935F8C51E213FA400559CD0 /* ViewController.m */,
				2935F8C71E213FA400559CD0 /* Assets.xcassets */,
				2935F8C91E213FA400559CD0 /* Main.storyboard */,
				2935F8D21E2140B300559CD0 /* RenderViewController.h */,
				2935F8D31E2140B300559CD0 /* RenderViewController.m */,
				2935F8D51E21414E00559CD0 /* OpenGLRenderer.m */,
				2935F8D71E21415900559CD0 /* OpenGLRenderer.h */,
				2935F8D81E21419100559CD0 /* BaseGLImports.h */,
				2935F8CC1E213FA400559CD0 /* Info.plist */,
				2935F8C11E213FA400559CD0 /* Supporting Files */,
			);
			path = libOOGL_macOS;
			sourceTree = "<group>";
		};
		2935F8C11E213FA400559CD0 /* Supporting Files */ = {
			isa = PBXGroup;
			children = (
				2935F8C21E213FA400559CD0 /* main.m */,
			);
			name = "Supporting Files";
			sourceTree = "<group>";
		};
		2935F8E41E21479E00559CD0 /* inc */ = {
			isa = PBXGroup;
			children = (
				2935F8F31E21480A00559CD0 /* AssetManager.h */,
				2935F8F41E21480A00559CD0 /* gl.h */,
				2935F8F51E21480A00559CD0 /* GLApplication.h */,
				2935F8F61E21480A00559CD0 /* GLAttachable.h */,
				2935F8F71E21480A00559CD0 /* GLCubemapTexture.h */,
				2935F8F81E21480A00559CD0 /* GLFramebuffer.h */,
				2935F8F91E21480A00559CD0 /* GLMesh.h */,
				2935F8FA1E21480A00559CD0 /* GLObject.h */,
				2935F8FB1E21480A00559CD0 /* GLShader.h */,
				2935F8FC1E21480A00559CD0 /* GLSkybox.h */,
				2935F8FD1E21480A00559CD0 /* GLTextRenderManager.h */,
				2935F8FE1E21480A00559CD0 /* GLTexture.h */,
				2935F8FF1E21480A00559CD0 /* ObjectiveCInterface.h */,
				2935F9001E21480A00559CD0 /* TrackBallCamera.h */,
			);
			name = inc;
			sourceTree = "<group>";
		};
		2935F9021E21481F00559CD0 /* src */ = {
			isa = PBXGroup;
			children = (
				2935F9051E21483900559CD0 /* GLApplication.cpp */,
				2935F9061E21483900559CD0 /* GLCubemapTexture.cpp */,
				2935F9071E21483900559CD0 /* GLFramebuffer.cpp */,
				2935F9081E21483900559CD0 /* GLMesh.cpp */,
				2935F9091E21483900559CD0 /* GLObject.cpp */,
				2935F90A1E21483900559CD0 /* GLShader.cpp */,
				2935F90B1E21483900559CD0 /* GLSkybox.cpp */,
				2935F90C1E21483900559CD0 /* GLTextRenderManager.cpp */,
				2935F90D1E21483900559CD0 /* GLTexture.cpp */,
				2935F90E1E21483900559CD0 /* MacOSX.mm */,
				2935F90F1E21483900559CD0 /* main.cpp */,
				2935F9101E21483900559CD0 /* specrend.c */,
				2935F9111E21483900559CD0 /* TrackBallCamera.cpp */,
				2935F9121E21483900559CD0 /* Win32.cpp */,
			);
			name = src;
			sourceTree = "<group>";
		};
		2935F9031E21482400559CD0 /* demos */ = {
			isa = PBXGroup;
			children = (
				2935F9211E21484100559CD0 /* AudioSpectrum.h */,
				2935F9221E21484100559CD0 /* DepthShadow.h */,
				2935F9231E21484100559CD0 /* FilmInterference.h */,
				2935F9241E21484100559CD0 /* FontDemo.h */,
				2935F9251E21484100559CD0 /* FresnelShading.h */,
				2935F9261E21484100559CD0 /* VSCompute.h */,
			);
			name = demos;
			sourceTree = "<group>";
		};
		2935F9041E21482800559CD0 /* assets */ = {
			isa = PBXGroup;
			children = (
				2935F9271E21484B00559CD0 /* compute.shader */,
				2935F9281E21484B00559CD0 /* depth.shader */,
				2935F9291E21484B00559CD0 /* fonts */,
				2935F92A1E21484B00559CD0 /* fresnel_with_interference.shader */,
				2935F92B1E21484B00559CD0 /* fresnel.shader */,
				2935F92C1E21484B00559CD0 /* Park2 */,
				2935F92D1E21484B00559CD0 /* shadow.shader */,
				2935F92E1E21484B00559CD0 /* teapot.obj */,
				2935F92F1E21484B00559CD0 /* texture_mapping.jpg */,
				2935F9301E21484B00559CD0 /* texture_visualize.shader */,
				2935F9311E21484B00559CD0 /* wall.bmp */,
				2935F9321E21484B00559CD0 /* Yokohama3 */,
			);
			name = assets;
			sourceTree = "<group>";
		};
/* End PBXGroup section */

/* Begin PBXNativeTarget section */
		2935F8BA1E213FA400559CD0 /* libOOGL */ = {
			isa = PBXNativeTarget;
			buildConfigurationList = 2935F8CF1E213FA400559CD0 /* Build configuration list for PBXNativeTarget "libOOGL" */;
			buildPhases = (
				2935F8B71E213FA400559CD0 /* Sources */,
				2935F8B81E213FA400559CD0 /* Frameworks */,
				2935F8B91E213FA400559CD0 /* Resources */,
			);
			buildRules = (
			);
			dependencies = (
			);
			name = libOOGL;
			productName = libOOGL;
			productReference = 2935F8BB1E213FA400559CD0 /* libOOGL.app */;
			productType = "com.apple.product-type.application";
		};
/* End PBXNativeTarget section */

/* Begin PBXProject section */
		2935F8B31E213FA400559CD0 /* Project object */ = {
			isa = PBXProject;
			attributes = {
				LastUpgradeCheck = 0820;
				ORGANIZATIONNAME = "Haoyan Huo";
				TargetAttributes = {
					2935F8BA1E213FA400559CD0 = {
						CreatedOnToolsVersion = 8.2;
						ProvisioningStyle = Automatic;
					};
				};
			};
			buildConfigurationList = 2935F8B61E213FA400559CD0 /* Build configuration list for PBXProject "libOOGL" */;
			compatibilityVersion = "Xcode 3.2";
			developmentRegion = English;
			hasScannedForEncodings = 0;
			knownRegions = (
				en,
				Base,
			);
			mainGroup = 2935F8B21E213FA400559CD0;
			productRefGroup = 2935F8BC1E213FA400559CD0 /* Products */;
			projectDirPath = "";
			projectRoot = "";
			targets = (
				2935F8BA1E213FA400559CD0 /* libOOGL */,
			);
		};
/* End PBXProject section */

/* Begin PBXResourcesBuildPhase section */
		2935F8B91E213FA400559CD0 /* Resources */ = {
			isa = PBXResourcesBuildPhase;
			buildActionMask = 2147483647;
			files = (
				2935F9391E21484B00559CD0 /* shadow.shader in Resources */,
				2935F93C1E21484B00559CD0 /* texture_visualize.shader in Resources */,
				2935F9331E21484B00559CD0 /* compute.shader in Resources */,
				2935F9371E21484B00559CD0 /* fresnel.shader in Resources */,
				2935F9351E21484B00559CD0 /* fonts in Resources */,
				2935F93A1E21484B00559CD0 /* teapot.obj in Resources */,
				2935F9361E21484B00559CD0 /* fresnel_with_interference.shader in Resources */,
				2935F93E1E21484B00559CD0 /* Yokohama3 in Resources */,
				2935F93B1E21484B00559CD0 /* texture_mapping.jpg in Resources */,
				2935F8C81E213FA400559CD0 /* Assets.xcassets in Resources */,
				2935F93D1E21484B00559CD0 /* wall.bmp in Resources */,
				2935F9381E21484B00559CD0 /* Park2 in Resources */,
				2935F9341E21484B00559CD0 /* depth.shader in Resources */,
				2935F8CB1E213FA400559CD0 /* Main.storyboard in Resources */,
			);
			runOnlyForDeploymentPostprocessing = 0;
		};
/* End PBXResourcesBuildPhase section */

/* Begin PBXSourcesBuildPhase section */
		2935F8B71E213FA400559CD0 /* Sources */ = {
			isa = PBXSourcesBuildPhase;
			buildActionMask = 2147483647;
			files = (
				2935F8D41E2140B300559CD0 /* RenderViewController.m in Sources */,
				2935F8C61E213FA400559CD0 /* ViewController.m in Sources */,
				2935F8C31E213FA400559CD0 /* main.m in Sources */,
				2935F8C01E213FA400559CD0 /* AppDelegate.m in Sources */,
				2935F8D61E21414E00559CD0 /* OpenGLRenderer.m in Sources */,
			);
			runOnlyForDeploymentPostprocessing = 0;
		};
/* End PBXSourcesBuildPhase section */

/* Begin PBXVariantGroup section */
		2935F8C91E213FA400559CD0 /* Main.storyboard */ = {
			isa = PBXVariantGroup;
			children = (
				2935F8CA1E213FA400559CD0 /* Base */,
			);
			name = Main.storyboard;
			sourceTree = "<group>";
		};
/* End PBXVariantGroup section */

/* Begin XCBuildConfiguration section */
		2935F8CD1E213FA400559CD0 /* Debug */ = {
			isa = XCBuildConfiguration;
			buildSettings = {
				ALWAYS_SEARCH_USER_PATHS = NO;
				CLANG_ANALYZER_NONNULL = YES;
				CLANG_CXX_LANGUAGE_STANDARD = "gnu++0x";
				CLANG_CXX_LIBRARY = "libc++";
				CLANG_ENABLE_MODULES = YES;
				CLANG_ENABLE_OBJC_ARC = YES;
				CLANG_WARN_BOOL_CONVERSION = YES;
				CLANG_WARN_CONSTANT_CONVERSION = YES;
				CLANG_WARN_DIRECT_OBJC_ISA_USAGE = YES_ERROR;
				CLANG_WARN_DOCUMENTATION_COMMENTS = YES;
				CLANG_WARN_EMPTY_BODY = YES;
				CLANG_WARN_ENUM_CONVERSION = YES;
				CLANG_WARN_INFINITE_RECURSION = YES;
				CLANG_WARN_INT_CONVERSION = YES;
				CLANG_WARN_OBJC_ROOT_CLASS = YES_ERROR;
				CLANG_WARN_SUSPICIOUS_MOVE = YES;
				CLANG_WARN_UNREACHABLE_CODE = YES;
				CLANG_WARN__DUPLICATE_METHOD_MATCH = YES;
				CODE_SIGN_IDENTITY = "-";
				COPY_PHASE_STRIP = NO;
				DEBUG_INFORMATION_FORMAT = dwarf;
				ENABLE_STRICT_OBJC_MSGSEND = YES;
				ENABLE_TESTABILITY = YES;
				GCC_C_LANGUAGE_STANDARD = gnu99;
				GCC_DYNAMIC_NO_PIC = NO;
				GCC_NO_COMMON_BLOCKS = YES;
				GCC_OPTIMIZATION_LEVEL = 0;
				GCC_PREPROCESSOR_DEFINITIONS = (
					"DEBUG=1",
					"$(inherited)",
				);
				GCC_WARN_64_TO_32_BIT_CONVERSION = YES;
				GCC_WARN_ABOUT_RETURN_TYPE = YES_ERROR;
				GCC_WARN_UNDECLARED_SELECTOR = YES;
				GCC_WARN_UNINITIALIZED_AUTOS = YES_AGGRESSIVE;
				GCC_WARN_UNUSED_FUNCTION = YES;
				GCC_WARN_UNUSED_VARIABLE = YES;
				MACOSX_DEPLOYMENT_TARGET = 10.12;
				MTL_ENABLE_DEBUG_INFO = YES;
				ONLY_ACTIVE_ARCH = YES;
				SDKROOT = macosx;
			};
			name = Debug;
		};
		2935F8CE1E213FA400559CD0 /* Release */ = {
			isa = XCBuildConfiguration;
			buildSettings = {
				ALWAYS_SEARCH_USER_PATHS = NO;
				CLANG_ANALYZER_NONNULL = YES;
				CLANG_CXX_LANGUAGE_STANDARD = "gnu++0x";
				CLANG_CXX_LIBRARY = "libc++";
				CLANG_ENABLE_MODULES = YES;
				CLANG_ENABLE_OBJC_ARC = YES;
				CLANG_WARN_BOOL_CONVERSION = YES;
				CLANG_WARN_CONSTANT_CONVERSION = YES;
				CLANG_WARN_DIRECT_OBJC_ISA_USAGE = YES_ERROR;
				CLANG_WARN_DOCUMENTATION_COMMENTS = YES;
				CLANG_WARN_EMPTY_BODY = YES;
				CLANG_WARN_ENUM_CONVERSION = YES;
				CLANG_WARN_INFINITE_RECURSION = YES;
				CLANG_WARN_INT_CONVERSION = YES;
				CLANG_WARN_OBJC_ROOT_CLASS = YES_ERROR;
				CLANG_WARN_SUSPICIOUS_MOVE = YES;
				CLANG_WARN_UNREACHABLE_CODE = YES;
				CLANG_WARN__DUPLICATE_METHOD_MATCH = YES;
				CODE_SIGN_IDENTITY = "-";
				COPY_PHASE_STRIP = NO;
				DEBUG_INFORMATION_FORMAT = "dwarf-with-dsym";
				ENABLE_NS_ASSERTIONS = NO;
				ENABLE_STRICT_OBJC_MSGSEND = YES;
				GCC_C_LANGUAGE_STANDARD = gnu99;
				GCC_NO_COMMON_BLOCKS = YES;
				GCC_WARN_64_TO_32_BIT_CONVERSION = YES;
				GCC_WARN_ABOUT_RETURN_TYPE = YES_ERROR;
				GCC_WARN_UNDECLARED_SELECTOR = YES;
				GCC_WARN_UNINITIALIZED_AUTOS = YES_AGGRESSIVE;
				GCC_WARN_UNUSED_FUNCTION = YES;
				GCC_WARN_UNUSED_VARIABLE = YES;
				MACOSX_DEPLOYMENT_TARGET = 10.12;
				MTL_ENABLE_DEBUG_INFO = NO;
				SDKROOT = macosx;
			};
			name = Release;
		};
		2935F8D01E213FA400559CD0 /* Debug */ = {
			isa = XCBuildConfiguration;
			buildSettings = {
				ASSETCATALOG_COMPILER_APPICON_NAME = AppIcon;
				COMBINE_HIDPI_IMAGES = YES;
				INFOPLIST_FILE = libOOGL_macOS/Info.plist;
				LD_RUNPATH_SEARCH_PATHS = "$(inherited) @executable_path/../Frameworks";
				PRODUCT_BUNDLE_IDENTIFIER = "com.haoyan-huo.libOOGL";
				PRODUCT_NAME = "$(TARGET_NAME)";
			};
			name = Debug;
		};
		2935F8D11E213FA400559CD0 /* Release */ = {
			isa = XCBuildConfiguration;
			buildSettings = {
				ASSETCATALOG_COMPILER_APPICON_NAME = AppIcon;
				COMBINE_HIDPI_IMAGES = YES;
				INFOPLIST_FILE = libOOGL_macOS/Info.plist;
				LD_RUNPATH_SEARCH_PATHS = "$(inherited) @executable_path/../Frameworks";
				PRODUCT_BUNDLE_IDENTIFIER = "com.haoyan-huo.libOOGL";
				PRODUCT_NAME = "$(TARGET_NAME)";
			};
			name = Release;
		};
/* End XCBuildConfiguration section */

/* Begin XCConfigurationList section */
		2935F8B61E213FA400559CD0 /* Build configuration list for PBXProject "libOOGL" */ = {
			isa = XCConfigurationList;
			buildConfigurations = (
				2935F8CD1E213FA400559CD0 /* Debug */,
				2935F8CE1E213FA400559CD0 /* Release */,
			);
			defaultConfigurationIsVisible = 0;
			defaultConfigurationName = Release;
		};
		2935F8CF1E213FA400559CD0 /* Build configuration list for PBXNativeTarget "libOOGL" */ = {
			isa = XCConfigurationList;
			buildConfigurations = (
				2935F8D01E213FA400559CD0 /* Debug */,
				2935F8D11E213FA400559CD0 /* Release */,
			);
			defaultConfigurationIsVisible = 0;
			defaultConfigurationName = Release;
		};
/* End XCConfigurationList section */
	};
	rootObject = 2935F8B31E213FA400559CD0 /* Project object */;
}
